# This file is generated by running "yarn install" inside your project.
# Manual changes might be lost - proceed with caution!

__metadata:
  version: 8
  cacheKey: 10c0

"@calcit/procs@npm:0.14.16":
  version: 0.14.16
  resolution: "@calcit/procs@npm:0.14.16"
  dependencies:
    "@calcit/ternary-tree": "npm:0.0.26"
    "@cirru/parser.ts": "npm:^0.0.9"
    "@cirru/writer.ts": "npm:^0.1.9"
  checksum: 10c0/627197e5b42d6eb550eab24c2fd83b9cddfdc0cd00b9bd8a462e53f211267d36514fecbe77f722b5d591ca7e2d0c49bbd28f7e0d9cf0652eee202ed8f4f6794e
  languageName: node
  linkType: hard

"@calcit/ternary-tree@npm:0.0.26":
  version: 0.0.26
  resolution: "@calcit/ternary-tree@npm:0.0.26"
  checksum: 10c0/53fee664f72e25f3512f3a61c917fe7926e2620caab1fed68e030ee4ddf905be68b4249c2e644a4db7cadb96b23594059f73fa9c475af8a79526e8d145736563
  languageName: node
  linkType: hard

"@cirru/parser.ts@npm:^0.0.9":
  version: 0.0.9
  resolution: "@cirru/parser.ts@npm:0.0.9"
  checksum: 10c0/3b13623b8f627ac81adae0cb6a4e3664f0da09115a997ca9b78b8d5d0b0f9b9b18c1ad847e068831cb1052c7da2a00329d2af04421b1024a004eef0ddca5fd7a
  languageName: node
  linkType: hard

"@cirru/writer.ts@npm:^0.1.9":
  version: 0.1.9
  resolution: "@cirru/writer.ts@npm:0.1.9"
  checksum: 10c0/df2672837d1bf61ee1a83b8b77ea17b9c241cb8135323567992749ee26daf3abccf43ab75d8698d67c36c8b8469f9a66c235a809a60484d71133592a9161a054
  languageName: node
  linkType: hard

"argparse@npm:^2.0.1":
  version: 2.0.1
  resolution: "argparse@npm:2.0.1"
  checksum: 10c0/c5640c2d89045371c7cedd6a70212a04e360fd34d6edeae32f6952c63949e3525ea77dbec0289d8213a99bbaeab5abfa860b5c12cf88a2e6cf8106e90dd27a7e
  languageName: node
  linkType: hard

"axios@npm:^0.21.1":
  version: 0.21.1
  resolution: "axios@npm:0.21.1"
  dependencies:
    follow-redirects: "npm:^1.10.0"
  checksum: 10c0/8633cce2dbe64acdfb82a73ba9c916e4d30eff00cb5ac697be859af9446843944cc663c4aafac1da6a43328aeb6fe778a372841fda27e2af44cdd36dba83b2a4
  languageName: node
  linkType: hard

"dotenv@npm:^17.4.2":
  version: 17.4.2
  resolution: "dotenv@npm:17.4.2"
  checksum: 10c0/164f8e77a646c8446867d5b588d26ea6005c8ea7c5eb41cf926f6113d23f2191355f6e0cfd95ea9bab98394a5b0a3f1e51a8399711b666fe55cc7b0bd745f942
  languageName: node
  linkType: hard

"follow-redirects@npm:^1.10.0":
  version: 1.13.0
  resolution: "follow-redirects@npm:1.13.0"
  checksum: 10c0/67b60397f22b12378c51e4f53102f3b56d37b19707fc1254ffa49c70752ec4221c745ba26effc69f9c74c3eac2322ce83ea2128a45aa3fc7af0ef58569d72d45
  languageName: node
  linkType: hard

"js-yaml@npm:^5.2.1":
  version: 5.2.1
  resolution: "js-yaml@npm:5.2.1"
  dependencies:
    argparse: "npm:^2.0.1"
  bin:
    js-yaml: bin/js-yaml.mjs
  checksum: 10c0/8eadf08efc738a656c2838f6617b0cc508944f66f568eb4d435e858261b889a6806d98f44fb6ffdba21a0c68e4bdff1ac35516724882e1dab8fc2cc59150c881
  languageName: node
  linkType: hard

"repos-rank@workspace:.":
  version: 0.0.0-use.local
  resolution: "repos-rank@workspace:."
  dependencies:
    "@calcit/procs": "npm:0.14.16"
    axios: "npm:^0.21.1"
    dotenv: "npm:^17.4.2"
    js-yaml: "npm:^5.2.1"
  languageName: unknown
  linkType: soft
